# CPython 3.12, macOS ARM64 wheel lock. Regenerate/review for other platforms.
# Exact resolved versions and PyPI wheel hashes, verified against installed metadata.
--only-binary=:all:
asttokens==3.0.2 --hash=sha256:9da13157f5b28becde0bd374fc677dcd3c290614264eff096f167c469cd9f933
comm==0.2.3 --hash=sha256:c615d91d75f7f04f095b30d1c1711babd43bdc6419c1be9886a85f2f4e489417
contourpy==1.3.3 --hash=sha256:556dba8fb6f5d8742f2923fe9457dbdd51e1049c4a43fd3986a0b14a1d815fc6
cycler==0.12.1 --hash=sha256:85cef7cff222d8644161529808465972e51340599459b8ac3ccbac5a854e0d30
drjit==1.3.1 --hash=sha256:8533ba00f2b1c116475631c7a74072436eaa9504833e3d35ebe18cbf73f83b05
executing==2.2.1 --hash=sha256:760643d3452b4d777d295bb167ccc74c64a81df23fb5e08eff250c425a4b2017
fonttools==4.64.0 --hash=sha256:9ecb2b206b5b2386f6968721a0770226b66bdd54adc4279bfff3ddf62873eed8
importlib_resources==7.1.0 --hash=sha256:1bd7b48b4088eddb2cd16382150bb515af0bd2c70128194392725f82ad2c96a1
iniconfig==2.3.0 --hash=sha256:f631c04d2c48c52b84d0d0549c99ff3859c98df65b3101406327ecc7d53fbf12
ipydatawidgets==4.3.5 --hash=sha256:d590cdb7c364f2f6ab346f20b9d2dd661d27a834ef7845bc9d7113118f05ec87
ipython==9.17.1 --hash=sha256:6d1645743cfd1a07eb695d85aa2b5fa66721f8cbae9431d4049f7084bbf06509
ipython_pygments_lexers==1.1.1 --hash=sha256:a9462224a505ade19a605f71f8fa63c2048833ce50abc86768a0d81d876dc81c
ipywidgets==8.1.9 --hash=sha256:f2b8cbcaae10252b809fbe4d7470db75c09b769a32cbf816d20e5ca6d3c5a79d
jedi==0.20.0 --hash=sha256:7bdd9c2634f56713299976f4cbd59cb3fa92165cc5e05ea811fb253480728b67
jupyterlab_widgets==3.0.17 --hash=sha256:40ac1e9955acf116c4d995d9bfa082d86ad9ec6d91c4f134827cf5e0a5eb75e0
kiwisolver==1.5.1 --hash=sha256:1798e83840c3f627246104c4d8a9639c60fa068adf9ce92b61791781fa8a68c1
matplotlib==3.11.1 --hash=sha256:21a67b961a6d597bca54fae826cd20695ba4a6e4d05424a08da6e13e3176fd6b
matplotlib-inline==0.2.2 --hash=sha256:3c821cf1c209f59fb2d2d64abbf5b23b67bcb2210d663f9918dd851c6da1fcf6
mitsuba==3.8.0 --hash=sha256:c3b15649b81d85d9796ad27a25b4beaf4139a776e0c02cdb6a1461a62b887416
numpy==2.5.3 --hash=sha256:a72f874bc9e10e4b8f80426fb49716d5141f64442a0c8418065093ec8017fbb0
packaging==26.3 --hash=sha256:d7193f7c8e4e93f444fde0262bf90af30e16fa0ad0ad44cb553c87339b23cd1c
parso==0.8.7 --hash=sha256:a8926eb2a1b915486941fdbd31e86a4baf88fe8c210f25f2f35ecec5b574ca1c
pexpect==4.9.0 --hash=sha256:7236d1e080e4936be2dc3e326cec0af72acf9212a7e1d060210e70a47e253523
pillow==12.3.0 --hash=sha256:ffd0c5368496f41b0944be820fcb7a838aa6e623d250b01acf2643939c3f99d7
pip==25.0.1 --hash=sha256:c46efd13b6aa8279f33f2864459c8ce587ea6a1a59ee20de055868d8f7688f7f
pluggy==1.6.0 --hash=sha256:e920276dd6813095e9377c0bc5566d94c932c33b27a3e3945d8389c374dd4746
prompt_toolkit==3.0.53 --hash=sha256:01c0891d7f9237d5e339f7d3e42cdae80b7534abb1c7c0e3352efba6231492f2
psutil==7.2.2 --hash=sha256:1a7b04c10f32cc88ab39cbf606e117fd74721c831c98a27dc04578deb0c16979
ptyprocess==0.7.0 --hash=sha256:4b41f3967fce3af57cc7e94b888626c18bf37a083e3651ca8feeb66d492fef35
pure_eval==0.2.3 --hash=sha256:1db8e35b67b3d218d818ae653e27f06c3aa420901fa7b081ca98cbedc874e0d0
Pygments==2.21.0 --hash=sha256:2363c69b61c4a97c838da3b130dcd6468f4848992b21a82f2a63ec34377137d9
pyparsing==3.3.2 --hash=sha256:850ba148bd908d7e2411587e247a1e4f0327839c40e2e5e6d05a007ecc69911d
pytest==8.3.5 --hash=sha256:c69214aa47deac29fad6c2a4f590b9c4a9fdb16a403176fe154b79c0b4d4d820
python-dateutil==2.9.0.post0 --hash=sha256:a8b2bc7bffae282281c8140a97d3aa9c14da0b136dfe83f850eea9a5f7470427
pythreejs==2.4.2 --hash=sha256:8418807163ad91f4df53b58c4e991b26214852a1236f28f1afeaadf99d095818
scipy==1.18.1 --hash=sha256:7bbf207c4453ce1ad2e00b17313852b33310b83090c2311bdaf97f93c0380d12
setuptools==80.9.0 --hash=sha256:062d34222ad13e0cc312a4c02d73f059e86a4acbfbdea8f8f76b28c99f306922
.tools/sionna-wheels/sionna_rt-2.0.1-py3-none-any.whl --hash=sha256:daa2396a79571cdcc4261f904cbae3bba608cd74db017e0c4482435a8e859ada
six==1.17.0 --hash=sha256:4721f391ed90541fddacab5acf947aa0d3dc7d27b2e1e8eda2be8970586c3274
stack-data==0.6.3 --hash=sha256:d5558e0c25a4cb0853cddad3d77da9891a08cb85dd9f9f91b9f8cd66e511e695
traitlets==5.16.1 --hash=sha256:f775618166caa0396c8e337099240f2bd3e5e917d203b2e6fbe21a58d3cb1f6b
traittypes==0.2.3 --hash=sha256:49016082ce740d6556d9bb4672ee2d899cd14f9365f17cbb79d5d96b47096d4e
typing_extensions==4.16.0 --hash=sha256:481caa481374e813c1b176ada14e97f1f67a4539ce9cfeb3f350d78d6370c2e8
wcwidth==0.8.3 --hash=sha256:d5b73dba6158a595ec9370350e7f2637bcac8d6c5e4fde34f30fcffb6103a5e4
widgetsnbextension==4.0.16 --hash=sha256:a31a8774885b96fe825462f5d6496166f0c7cae111195b6465c801d230eb5a4e
